<?xml version="1.0" encoding="utf-8"?>
<Project ToolsVersion="4.0" xmlns="http://schemas.microsoft.com/developer/msbuild/2003">
  <ItemGroup>
    <ClCompile Include="Mainer.cpp" />
    <ClCompile Include="MeGlWindow.cpp" />
    <ClCompile Include="Primitives\ShapeGenerator.cpp" />
    <ClCompile Include="ShaderParser.cpp" />
    <ClCompile Include="Camera.cpp" />
    <ClCompile Include="lodepng.cpp" />
  </ItemGroup>
  <ItemGroup>
    <ClInclude Include="MeGlWindow.h" />
    <ClInclude Include="Primitives\Vertex.h" />
    <ClInclude Include="Primitives\ShapeData.h" />
    <ClInclude Include="Primitives\ShapeGenerator.h" />
    <ClInclude Include="ShaderParser.h" />
    <ClInclude Include="Camera.h" />
    <ClInclude Include="Primitives\TeapotData.h" />
    <ClInclude Include="res\include\lodepng.h" />
  </ItemGroup>
  <ItemGroup>
    <None Include="plane.shader" />
    <None Include="passThrough.shader" />
    <None Include="cubeWithTexture.shader" />
  </ItemGroup>
  <ItemGroup>
    <Image Include="res\texture\brick.png" />
  </ItemGroup>
</Project>